<?xml version="1.0" encoding="UTF-8" standalone="yes" ?>
<CodeBlocks_project_file>
	<FileVersion major="1" minor="6" />
	<Project>
		<Option title="PlayerStats" />
		<Option pch_mode="2" />
		<Option compiler="gcc" />
		<Build>
			<Target title="Debug">
				<Option output="bin/Debug/PlayerStats" prefix_auto="1" extension_auto="1" />
				<Option object_output="obj/Debug/" />
				<Option type="1" />
				<Option compiler="gcc" />
				<Compiler>
					<Add option="-g" />
				</Compiler>
			</Target>
			<Target title="Release">
				<Option output="bin/Release/PlayerStats" prefix_auto="1" extension_auto="1" />
				<Option object_output="obj/Release/" />
				<Option type="1" />
				<Option compiler="gcc" />
				<Compiler>
					<Add option="-O2" />
				</Compiler>
				<Linker>
					<Add option="-s" />
				</Linker>
			</Target>
		</Build>
		<Compiler>
			<Add option="-Wall" />
			<Add directory="include" />
		</Compiler>
		<Unit filename="include/ArchivosCarga.h" />
		<Unit filename="include/CargaDeDatos.h" />
		<Unit filename="include/FILAS.h" />
		<Unit filename="include/IngresoDatos.h" />
		<Unit filename="include/InicProgram.h" />
		<Unit filename="include/Jugador.h" />
		<Unit filename="include/ListaSimple.h" />
		<Unit filename="include/MostrarDatos.h" />
		<Unit filename="include/menu&amp;Functions.h" />
		<Unit filename="include/utiles.h" />
		<Unit filename="src/ArchivosCarga.c">
			<Option compilerVar="CC" />
		</Unit>
		<Unit filename="src/CargaDeDatos.c">
			<Option compilerVar="CC" />
		</Unit>
		<Unit filename="src/FILAS.c">
			<Option compilerVar="CC" />
		</Unit>
		<Unit filename="src/IngresoDatos.c">
			<Option compilerVar="CC" />
		</Unit>
		<Unit filename="src/InicProgram.c">
			<Option compilerVar="CC" />
		</Unit>
		<Unit filename="src/Jugador.c">
			<Option compilerVar="CC" />
		</Unit>
		<Unit filename="src/ListaSimple.c">
			<Option compilerVar="CC" />
		</Unit>
		<Unit filename="src/MostrarDatos.c">
			<Option compilerVar="CC" />
		</Unit>
		<Unit filename="src/main.c">
			<Option compilerVar="CC" />
		</Unit>
		<Unit filename="src/menu&amp;Functions.c">
			<Option compilerVar="CC" />
		</Unit>
		<Unit filename="src/utiles.c">
			<Option compilerVar="CC" />
		</Unit>
		<Extensions>
			<lib_finder disable_auto="1" />
		</Extensions>
	</Project>
</CodeBlocks_project_file>
